
Microsoft Visual Studio Solution File, Format Version 12.00
# Visual Studio Version 17
VisualStudioVersion = 17.9.34728.123
MinimumVisualStudioVersion = 10.0.40219.1
Project("{FAE04EC0-301F-11D3-BF4B-00C04F79EFBC}") = "Practice-7-ConsoleApp1", "Practice-7-ConsoleApp1\Practice-7-ConsoleApp1.csproj", "{01DAF582-18FB-4FC4-A72B-3FFA98859464}"
EndProject
Global
	GlobalSection(SolutionConfigurationPlatforms) = preSolution
		Debug|Any CPU = Debug|Any CPU
		Release|Any CPU = Release|Any CPU
	EndGlobalSection
	GlobalSection(ProjectConfigurationPlatforms) = postSolution
		{01DAF582-18FB-4FC4-A72B-3FFA98859464}.Debug|Any CPU.ActiveCfg = Debug|Any CPU
		{01DAF582-18FB-4FC4-A72B-3FFA98859464}.Debug|Any CPU.Build.0 = Debug|Any CPU
		{01DAF582-18FB-4FC4-A72B-3FFA98859464}.Release|Any CPU.ActiveCfg = Release|Any CPU
		{01DAF582-18FB-4FC4-A72B-3FFA98859464}.Release|Any CPU.Build.0 = Release|Any CPU
	EndGlobalSection
	GlobalSection(SolutionProperties) = preSolution
		HideSolutionNode = FALSE
	EndGlobalSection
	GlobalSection(ExtensibilityGlobals) = postSolution
		SolutionGuid = {4AE5DBC8-2B33-4A36-BF43-7CE59719FB2C}
	EndGlobalSection
EndGlobal
